
Microsoft Visual Studio Solution File, Format Version 12.00
# Visual Studio Version 16
VisualStudioVersion = 16.0.29306.81
MinimumVisualStudioVersion = 10.0.40219.1
Project("{FAE04EC0-301F-11D3-BF4B-00C04F79EFBC}") = "UTE_Checker.DesktopApp", "UTE_Checker.DesktopApp\UTE_Checker.DesktopApp.csproj", "{49DFD039-126B-4546-8241-C0C3E54635B1}"
EndProject
Project("{FAE04EC0-301F-11D3-BF4B-00C04F79EFBC}") = "UTE_Checker.WebApp", "UTE_Checker.WebApp\UTE_Checker.WebApp.csproj", "{FA975AD0-D169-4B00-BC39-7BFD4A597249}"
EndProject
Project("{FAE04EC0-301F-11D3-BF4B-00C04F79EFBC}") = "UTE_Checker.BusinessEntities", "UTE_Checker.BusinessEntities\UTE_Checker.BusinessEntities.csproj", "{BAD75264-6E55-42AC-B9FD-4420C3140A1A}"
EndProject
Project("{FAE04EC0-301F-11D3-BF4B-00C04F79EFBC}") = "UTE_Checker.DataAccessLayer", "UTE_Checker.DataAccessLayer\UTE_Checker.DataAccessLayer.csproj", "{FD7AD08B-CB79-484B-B630-E79377766831}"
EndProject
Project("{FAE04EC0-301F-11D3-BF4B-00C04F79EFBC}") = "UTE_Checker.BusinessLogicLayer", "UTE_Checker.BusinessLogicLayer\UTE_Checker.BusinessLogicLayer.csproj", "{04ACD6DA-42D3-44FF-8F8C-57C3C3AFC475}"
EndProject
Global
	GlobalSection(SolutionConfigurationPlatforms) = preSolution
		Debug|Any CPU = Debug|Any CPU
		Release|Any CPU = Release|Any CPU
	EndGlobalSection
	GlobalSection(ProjectConfigurationPlatforms) = postSolution
		{49DFD039-126B-4546-8241-C0C3E54635B1}.Debug|Any CPU.ActiveCfg = Debug|Any CPU
		{49DFD039-126B-4546-8241-C0C3E54635B1}.Debug|Any CPU.Build.0 = Debug|Any CPU
		{49DFD039-126B-4546-8241-C0C3E54635B1}.Release|Any CPU.ActiveCfg = Release|Any CPU
		{49DFD039-126B-4546-8241-C0C3E54635B1}.Release|Any CPU.Build.0 = Release|Any CPU
		{FA975AD0-D169-4B00-BC39-7BFD4A597249}.Debug|Any CPU.ActiveCfg = Debug|Any CPU
		{FA975AD0-D169-4B00-BC39-7BFD4A597249}.Debug|Any CPU.Build.0 = Debug|Any CPU
		{FA975AD0-D169-4B00-BC39-7BFD4A597249}.Release|Any CPU.ActiveCfg = Release|Any CPU
		{FA975AD0-D169-4B00-BC39-7BFD4A597249}.Release|Any CPU.Build.0 = Release|Any CPU
		{BAD75264-6E55-42AC-B9FD-4420C3140A1A}.Debug|Any CPU.ActiveCfg = Debug|Any CPU
		{BAD75264-6E55-42AC-B9FD-4420C3140A1A}.Debug|Any CPU.Build.0 = Debug|Any CPU
		{BAD75264-6E55-42AC-B9FD-4420C3140A1A}.Release|Any CPU.ActiveCfg = Release|Any CPU
		{BAD75264-6E55-42AC-B9FD-4420C3140A1A}.Release|Any CPU.Build.0 = Release|Any CPU
		{FD7AD08B-CB79-484B-B630-E79377766831}.Debug|Any CPU.ActiveCfg = Debug|Any CPU
		{FD7AD08B-CB79-484B-B630-E79377766831}.Debug|Any CPU.Build.0 = Debug|Any CPU
		{FD7AD08B-CB79-484B-B630-E79377766831}.Release|Any CPU.ActiveCfg = Release|Any CPU
		{FD7AD08B-CB79-484B-B630-E79377766831}.Release|Any CPU.Build.0 = Release|Any CPU
		{04ACD6DA-42D3-44FF-8F8C-57C3C3AFC475}.Debug|Any CPU.ActiveCfg = Debug|Any CPU
		{04ACD6DA-42D3-44FF-8F8C-57C3C3AFC475}.Debug|Any CPU.Build.0 = Debug|Any CPU
		{04ACD6DA-42D3-44FF-8F8C-57C3C3AFC475}.Release|Any CPU.ActiveCfg = Release|Any CPU
		{04ACD6DA-42D3-44FF-8F8C-57C3C3AFC475}.Release|Any CPU.Build.0 = Release|Any CPU
	EndGlobalSection
	GlobalSection(SolutionProperties) = preSolution
		HideSolutionNode = FALSE
	EndGlobalSection
	GlobalSection(ExtensibilityGlobals) = postSolution
		SolutionGuid = {9DBAFC43-BA46-415C-A75C-841D3927B81F}
	EndGlobalSection
EndGlobal
